<?xml version="1.0" encoding="utf-8"?>
<Project ToolsVersion="4.0" xmlns="http://schemas.microsoft.com/developer/msbuild/2003">
  <ItemGroup>
    <ClCompile Include="control.cpp">
      <Filter>ソースファイル</Filter>
    </ClCompile>
    <ClCompile Include="data.cpp">
      <Filter>ソースファイル</Filter>
    </ClCompile>
    <ClCompile Include="dungeon.cpp">
      <Filter>ソースファイル</Filter>
    </ClCompile>
    <ClCompile Include="ECharaData.cpp">
      <Filter>ソースファイル</Filter>
    </ClCompile>
    <ClCompile Include="EDrawSetting.cpp">
      <Filter>ソースファイル</Filter>
    </ClCompile>
    <ClCompile Include="EQueueData.cpp">
      <Filter>ソースファイル</Filter>
    </ClCompile>
    <ClCompile Include="Event.cpp">
      <Filter>ソースファイル</Filter>
    </ClCompile>
    <ClCompile Include="fps.cpp">
      <Filter>ソースファイル</Filter>
    </ClCompile>
    <ClCompile Include="main.cpp">
      <Filter>ソースファイル</Filter>
    </ClCompile>
    <ClCompile Include="menu.cpp">
      <Filter>ソースファイル</Filter>
    </ClCompile>
    <ClCompile Include="save_load.cpp">
      <Filter>ソースファイル</Filter>
    </ClCompile>
    <ClCompile Include="title.cpp">
      <Filter>ソースファイル</Filter>
    </ClCompile>
    <ClCompile Include="Sound.cpp">
      <Filter>ソースファイル</Filter>
    </ClCompile>
    <ClCompile Include="option.cpp">
      <Filter>ソースファイル</Filter>
    </ClCompile>
    <ClCompile Include="room.cpp">
      <Filter>ソースファイル</Filter>
    </ClCompile>
    <ClCompile Include="TextBox.cpp">
      <Filter>ソースファイル</Filter>
    </ClCompile>
    <ClCompile Include="BattleManager.cpp">
      <Filter>ソースファイル</Filter>
    </ClCompile>
  </ItemGroup>
  <ItemGroup>
    <ClInclude Include="control.h">
      <Filter>ヘッダーファイル</Filter>
    </ClInclude>
    <ClInclude Include="data.h">
      <Filter>ヘッダーファイル</Filter>
    </ClInclude>
    <ClInclude Include="define.h">
      <Filter>ヘッダーファイル</Filter>
    </ClInclude>
    <ClInclude Include="dungeon.h">
      <Filter>ヘッダーファイル</Filter>
    </ClInclude>
    <ClInclude Include="Event.h">
      <Filter>ヘッダーファイル</Filter>
    </ClInclude>
    <ClInclude Include="fps.h">
      <Filter>ヘッダーファイル</Filter>
    </ClInclude>
    <ClInclude Include="menu.h">
      <Filter>ヘッダーファイル</Filter>
    </ClInclude>
    <ClInclude Include="option.h">
      <Filter>ヘッダーファイル</Filter>
    </ClInclude>
    <ClInclude Include="save_load.h">
      <Filter>ヘッダーファイル</Filter>
    </ClInclude>
    <ClInclude Include="title.h">
      <Filter>ヘッダーファイル</Filter>
    </ClInclude>
    <ClInclude Include="Sound.h">
      <Filter>ヘッダーファイル</Filter>
    </ClInclude>
    <ClInclude Include="room.h">
      <Filter>ヘッダーファイル</Filter>
    </ClInclude>
    <ClInclude Include="TextBox.h">
      <Filter>ヘッダーファイル</Filter>
    </ClInclude>
    <ClInclude Include="BattleManager.h">
      <Filter>ヘッダーファイル</Filter>
    </ClInclude>
  </ItemGroup>
  <ItemGroup>
    <Filter Include="ヘッダーファイル">
      <UniqueIdentifier>{f83115c9-6411-4b55-a7e4-d84c0fac9fb5}</UniqueIdentifier>
    </Filter>
    <Filter Include="ソースファイル">
      <UniqueIdentifier>{c6a2eb47-3891-4712-8f94-299070b0ace7}</UniqueIdentifier>
    </Filter>
  </ItemGroup>
</Project>